{
    "requires": true,
    "lockfileVersion": 1,
    "dependencies": {
        "three-spritetext": {
            "version": "1.6.2",
            "resolved": "https://registry.npmjs.org/three-spritetext/-/three-spritetext-1.6.2.tgz",
            "integrity": "sha512-VALj40t81Z6x/fDnY/tts8QU+mBl77bxoynBbcn/DW4oxfzZSwjaOfkQOe0jYpLoK2vtP0bAULvGgwIYnsN6oQ==",
            "dev": true
        }
    }
}
